
Microsoft Visual Studio Solution File, Format Version 12.00
# Visual Studio 15
VisualStudioVersion = 15.0.27428.2002
MinimumVisualStudioVersion = 10.0.40219.1
Project("{2150E333-8FDC-42A3-9474-1A3956D46DE8}") = "Tests", "Tests", "{CD093689-9643-4658-8B14-D319A0AE6579}"
EndProject
Project("{FAE04EC0-301F-11D3-BF4B-00C04F79EFBC}") = "SAFE.Thingies", "SAFE.Thingies\SAFE.Thingies.csproj", "{F0D97182-1132-4440-AA16-727B0AB48F7E}"
EndProject
Project("{FAE04EC0-301F-11D3-BF4B-00C04F79EFBC}") = "SAFE.ThingiesHost", "SAFE.ThingiesHost\SAFE.ThingiesHost.csproj", "{6C1311E9-44BD-45DF-B7F8-CC1640FBF2AD}"
EndProject
Global
	GlobalSection(SolutionConfigurationPlatforms) = preSolution
		Debug|Any CPU = Debug|Any CPU
		Release|Any CPU = Release|Any CPU
	EndGlobalSection
	GlobalSection(ProjectConfigurationPlatforms) = postSolution
		{F0D97182-1132-4440-AA16-727B0AB48F7E}.Debug|Any CPU.ActiveCfg = Debug|Any CPU
		{F0D97182-1132-4440-AA16-727B0AB48F7E}.Debug|Any CPU.Build.0 = Debug|Any CPU
		{F0D97182-1132-4440-AA16-727B0AB48F7E}.Release|Any CPU.ActiveCfg = Release|Any CPU
		{F0D97182-1132-4440-AA16-727B0AB48F7E}.Release|Any CPU.Build.0 = Release|Any CPU
		{6C1311E9-44BD-45DF-B7F8-CC1640FBF2AD}.Debug|Any CPU.ActiveCfg = Debug|Any CPU
		{6C1311E9-44BD-45DF-B7F8-CC1640FBF2AD}.Debug|Any CPU.Build.0 = Debug|Any CPU
		{6C1311E9-44BD-45DF-B7F8-CC1640FBF2AD}.Release|Any CPU.ActiveCfg = Release|Any CPU
		{6C1311E9-44BD-45DF-B7F8-CC1640FBF2AD}.Release|Any CPU.Build.0 = Release|Any CPU
	EndGlobalSection
	GlobalSection(SolutionProperties) = preSolution
		HideSolutionNode = FALSE
	EndGlobalSection
	GlobalSection(ExtensibilityGlobals) = postSolution
		SolutionGuid = {19275DB2-7B62-482D-BA69-AD879CD99C6A}
	EndGlobalSection
EndGlobal
